github.com/uniyakcom/yakhash v1.1.1 h1:OHrraOPbT6JOpjrzPSiqh5IAavsyICtSY7K2tpf1he0=
github.com/uniyakcom/yakhash v1.1.1/go.mod h1:y/VaGdLI1Fy0u2Bd0bePPWNqbCiejTcJ9SnoHEe6ab4=
github.com/uniyakcom/yakjson v1.4.4 h1:I6Ya4fEoOJo6d//8jX2zz/OYRpPh2CHrn8chO6E4nf0=
github.com/uniyakcom/yakjson v1.4.4/go.mod h1:tFMn18lZDVIJneb3i2CdlW7sJDyRF6NfV/nO/kUGnVg=
github.com/uniyakcom/yakutil v1.3.1 h1:y5OpBxm2VfQlpAsPKMG1zNEsW9ccZkpMeGUU1eYl/EQ=
github.com/uniyakcom/yakutil v1.3.1/go.mod h1:FV/A2sGyOrN4eXtMmu4RXL8QzrhL72TB95Z8SfzitEk=
